
Microsoft Visual Studio Solution File, Format Version 12.00
# Visual Studio Version 16
VisualStudioVersion = 16.0.31129.286
MinimumVisualStudioVersion = 10.0.40219.1
Project("{888888A0-9F3D-457C-B088-3A5042F75D52}") = "Charger ver 1", "Charger ver 1.pyproj", "{D692B265-A26B-42F4-881E-3B009D09167E}"
EndProject
Global
	GlobalSection(SolutionConfigurationPlatforms) = preSolution
		Debug|Any CPU = Debug|Any CPU
		Release|Any CPU = Release|Any CPU
	EndGlobalSection
	GlobalSection(ProjectConfigurationPlatforms) = postSolution
		{D692B265-A26B-42F4-881E-3B009D09167E}.Debug|Any CPU.ActiveCfg = Debug|Any CPU
		{D692B265-A26B-42F4-881E-3B009D09167E}.Release|Any CPU.ActiveCfg = Release|Any CPU
	EndGlobalSection
	GlobalSection(SolutionProperties) = preSolution
		HideSolutionNode = FALSE
	EndGlobalSection
	GlobalSection(ExtensibilityGlobals) = postSolution
		SolutionGuid = {CF80A62A-A456-4288-888F-E199459719AB}
	EndGlobalSection
EndGlobal
