
Microsoft Visual Studio Solution File, Format Version 12.00
# Visual Studio Version 16
VisualStudioVersion = 16.0.31129.286
MinimumVisualStudioVersion = 10.0.40219.1
Project("{888888A0-9F3D-457C-B088-3A5042F75D52}") = "FlexiCharger", "FlexiCharger.pyproj", "{8D6133FD-392C-46B6-8F42-4CB088E9F1EA}"
EndProject
Global
	GlobalSection(SolutionConfigurationPlatforms) = preSolution
		Debug|Any CPU = Debug|Any CPU
		Release|Any CPU = Release|Any CPU
	EndGlobalSection
	GlobalSection(ProjectConfigurationPlatforms) = postSolution
		{8D6133FD-392C-46B6-8F42-4CB088E9F1EA}.Debug|Any CPU.ActiveCfg = Debug|Any CPU
		{8D6133FD-392C-46B6-8F42-4CB088E9F1EA}.Release|Any CPU.ActiveCfg = Release|Any CPU
	EndGlobalSection
	GlobalSection(SolutionProperties) = preSolution
		HideSolutionNode = FALSE
	EndGlobalSection
	GlobalSection(ExtensibilityGlobals) = postSolution
		SolutionGuid = {090B1A3B-8094-4736-BF60-7643BB48CE11}
	EndGlobalSection
EndGlobal
